{
  "name": "@lambdulus/core",
  "version": "0.0.1",
  "lockfileVersion": 1,
  "requires": true,
  "dependencies": {
    "@types/node": {
      "version": "12.7.9",
      "resolved": "https://registry.npmjs.org/@types/node/-/node-12.7.9.tgz",
      "integrity": "sha512-P57oKTJ/vYivL2BCfxCC5tQjlS8qW31pbOL6qt99Yrjm95YdHgNZwjrTTjMBh+C2/y6PXIX4oz253+jUzxKKfQ==",
      "dev": true
    }
  }
}
